# This file is autogenerated, do not edit; changes may be undone by the next 'dep ensure'.


[[projects]]
  branch = "master"
  digest = "1:68ac3d88d40ca03d75a9d8687104017cf65395df8f5d1de715d38ae2a8f2d87b"
  name = "github.com/MichaelTJones/walk"
  packages = ["."]
  pruneopts = ""
  revision = "3af09438b0ab0e8f296410bfa646a7e635ea1fc0"

[[projects]]
  digest = "1:593c1c5622dd4d08df2b3c4d3fa6c008478aec5adb1fff18ac911b0384ba6f06"
  name = "github.com/cenkalti/backoff"
  packages = ["."]
  pruneopts = ""
  revision = "32cd0c5b3aef12c76ed64aaf678f6c79736be7dc"
  version = "v1.0.0"

[[projects]]
  digest = "1:56c130d885a4aacae1dd9c7b71cfe39912c7ebc1ff7d2b46083c8812996dc43b"
  name = "github.com/davecgh/go-spew"
  packages = ["spew"]
  pruneopts = ""
  revision = "346938d642f2ec3594ed81d874461961cd0faa76"
  version = "v1.1.0"

[[projects]]
  digest = "1:5626277060d7fa617d74df237eb280eb5850cfcbef183683a8f5508b1aa66167"
  name = "github.com/garyburd/redigo"
  packages = [
    "internal",
    "redis",
  ]
  pruneopts = ""
  revision = "8873b2f1995f59d4bcdd2b0dc9858e2cb9bf0c13"
  version = "v1.0.0"

[[projects]]
  branch = "master"
  digest = "1:a62566967ebdc330d215dc1d6b539fd7653b2875fbe3b24a271a27c971756c20"
  name = "github.com/howeyc/gopass"
  packages = ["."]
  pruneopts = ""
  revision = "66487b23f2880ba32e185121d2cd51a338ea069a"

[[projects]]
  branch = "master"
  digest = "1:57fcf9db7cd7b5c885504e9f085c5b6d6bf5320f4dc6c74d0fce88b7f472a6eb"
  name = "github.com/jmoiron/sqlx"
  packages = [
    ".",
    "reflectx",
  ]
  pruneopts = ""
  revision = "d9bd385d68c068f1fabb5057e3dedcbcbb039d0f"

[[projects]]
  branch = "master"
  digest = "1:5536f97e01139eccd8d142ae0c3023ed44b8eaa7a7213408acaee0afd0fe3207"
  name = "github.com/lib/pq"
  packages = [
    ".",
    "oid",
  ]
  pruneopts = ""
  revision = "2704adc878c21e1329f46f6e56a1c387d788ff94"

[[projects]]
  digest = "1:4906f65b4103c0819769ba227e9f7cb9b8bab6ff643659f01c3bde8dba453ba8"
  name = "github.com/matcherino/dat"
  packages = [
    "common",
    "dat",
    "kvs",
    "postgres",
    "reflectx",
  ]
  pruneopts = ""
  revision = "2a78060248aef59b4cd08513f426f3fc09c87fde"
  version = "v1.2.0"

[[projects]]
  branch = "next"
  digest = "1:031ec7244d9ffc7eee39d001d5efd0248699638977cae96c74a66f0bdde135fa"
  name = "github.com/matcherino/jo"
  packages = ["."]
  pruneopts = ""
  revision = "7f9bea34459e5dd98023fcf384c391e4395445d0"

[[projects]]
  branch = "remove-start-frame"
  digest = "1:d027825d9b82ead70b36919d1bb0b269f84918c876f21be0f9b8162909e954a8"
  name = "github.com/matcherino/logxi"
  packages = ["."]
  pruneopts = ""
  revision = "ccb6fd3c076291bca831915e9717f7ca2042c66d"

[[projects]]
  branch = "master"
  digest = "1:0e5592625794f54f33024be3de11314c04d3f8b03fadb556c9b0d30b66e9ee28"
  name = "github.com/matcherino/str"
  packages = ["."]
  pruneopts = ""
  revision = "968bf66e3da857419e4f6e71b2d5c9ae95682dc4"

[[projects]]
  branch = "master"
  digest = "1:d448278d27c47149049adc61dbe8ae440eb78c4a5a469e13bfd9cae8a7384124"
  name = "github.com/mattn/go-colorable"
  packages = ["."]
  pruneopts = ""
  revision = "e8a10ddc7d2a7fe255f6fd7f501070a4cb62c183"

[[projects]]
  digest = "1:420bb8eabfa6dff0cb5c8e786489a420e7e9d93a8b1d83882cce70c5a5b9bc3e"
  name = "github.com/mattn/go-isatty"
  packages = ["."]
  pruneopts = ""
  revision = "fc9e8d8ef48496124e79ae0df75490096eccf6fe"
  version = "v0.0.2"

[[projects]]
  branch = "master"
  digest = "1:3755b65215b9684ca3ac2b0b8aa31e4ccee990d2222ea4a1825493da93d14ae5"
  name = "github.com/mgutz/ansi"
  packages = ["."]
  pruneopts = ""
  revision = "d51e80ef957dba7f19388ca64afefbd5a096af30"

[[projects]]
  branch = "remove-start-frame"
  digest = "1:d027825d9b82ead70b36919d1bb0b269f84918c876f21be0f9b8162909e954a8"
  name = "github.com/mgutz/logxi"
  packages = ["."]
  pruneopts = ""
  revision = "ccb6fd3c076291bca831915e9717f7ca2042c66d"

[[projects]]
  branch = "master"
  digest = "1:8f002fd88485fabd175bcc040cef98f35162c728ff4631e5d93bdaeb515b7755"
  name = "github.com/mgutz/minimist"
  packages = ["."]
  pruneopts = ""
  revision = "39eb8cf573ca29344bd7d7e6ba4d7febdebd37a9"

[[projects]]
  branch = "master"
  digest = "1:0e5592625794f54f33024be3de11314c04d3f8b03fadb556c9b0d30b66e9ee28"
  name = "github.com/mgutz/str"
  packages = ["."]
  pruneopts = ""
  revision = "968bf66e3da857419e4f6e71b2d5c9ae95682dc4"

[[projects]]
  branch = "master"
  digest = "1:dde19f6017f25c9ec32913acd9a90b3d38ed8d038fd889aebe23d5578a1dad08"
  name = "github.com/mgutz/to"
  packages = ["."]
  pruneopts = ""
  revision = "00c06406c2dd2e011f153a6502a21473676db33f"

[[projects]]
  branch = "master"
  digest = "1:59d11e81d6fdd12a771321696bb22abdd9a94d26ac864787e98c9b419e428734"
  name = "github.com/mitchellh/go-homedir"
  packages = ["."]
  pruneopts = ""
  revision = "b8bc1bf767474819792c23f32d8286a45736f1c6"

[[projects]]
  branch = "master"
  digest = "1:bb332470c261daaee88c93c95cb9e5f6fa4cddc4efe3fd625344905e7c31b7e6"
  name = "github.com/nozzle/throttler"
  packages = ["."]
  pruneopts = ""
  revision = "d9b45f19996c645d38c9266d1f5cf1990e930119"

[[projects]]
  digest = "1:256484dbbcd271f9ecebc6795b2df8cad4c458dd0f5fd82a8c2fa0c29f233411"
  name = "github.com/pmezard/go-difflib"
  packages = ["difflib"]
  pruneopts = ""
  revision = "792786c7400a136282c1664665ae0a8db921c6c2"
  version = "v1.0.0"

[[projects]]
  digest = "1:cfe3716cb118ab79063b8ff7b8d7867e743f6c5e31d80e8d026c79022b07d768"
  name = "github.com/pmylund/go-cache"
  packages = ["."]
  pruneopts = ""
  revision = "1881a9bccb818787f68c52bfba648c6cf34c34fa"
  version = "v2.0.0"

[[projects]]
  digest = "1:6b55df4b0517a459af9d3879c99330af4367adcf45f3d0d37ded80a6272ae057"
  name = "github.com/satori/go.uuid"
  packages = ["."]
  pruneopts = ""
  revision = "879c5887cd475cd7864858769793b2ceb0d44feb"
  version = "v1.1.0"

[[projects]]
  branch = "master"
  digest = "1:bca4d02d98096bfee98454b4ad48de615568cd4639a1cbd69aedfd38256b7af6"
  name = "golang.org/x/crypto"
  packages = ["ssh/terminal"]
  pruneopts = ""
  revision = "5bcd134fee4dd1475da17714aac19c0aa0142e2f"

[[projects]]
  branch = "master"
  digest = "1:9f5839c068b53b1076370c7f19111297a65388a4d629d99c5606588d311940cc"
  name = "golang.org/x/sys"
  packages = ["unix"]
  pruneopts = ""
  revision = "f845067cf72a21fb4929b0e6a35273bd83b56396"

[[projects]]
  digest = "1:94c2fde7760d516f148195c4b94ddb7ba55d78bdfd885dd175397aeda19c7b3b"
  name = "gopkg.in/godo.v2"
  packages = [
    ".",
    "glob",
    "util",
    "watcher",
    "watcher/fswatch",
  ]
  pruneopts = ""
  revision = "b5fd2f0bef1ebe832e628cfad18ab1cc707f65a1"
  version = "v2.0.9"

[[projects]]
  digest = "1:3926a4ec9a4ff1a072458451aa2d9b98acd059a45b38f7335d31e06c3d6a0159"
  name = "gopkg.in/stretchr/testify.v1"
  packages = ["assert"]
  pruneopts = ""
  revision = "69483b4bd14f5845b5a1e55bca19e954e827f1d0"
  version = "v1.1.4"

[solve-meta]
  analyzer-name = "dep"
  analyzer-version = 1
  input-imports = [
    "github.com/cenkalti/backoff",
    "github.com/garyburd/redigo/redis",
    "github.com/jmoiron/sqlx",
    "github.com/lib/pq",
    "github.com/matcherino/dat/common",
    "github.com/matcherino/dat/dat",
    "github.com/matcherino/dat/kvs",
    "github.com/matcherino/dat/postgres",
    "github.com/matcherino/dat/reflectx",
    "github.com/matcherino/jo",
    "github.com/matcherino/logxi",
    "github.com/matcherino/str",
    "github.com/mgutz/ansi",
    "github.com/pmylund/go-cache",
    "github.com/satori/go.uuid",
    "gopkg.in/godo.v2",
    "gopkg.in/stretchr/testify.v1/assert",
  ]
  solver-name = "gps-cdcl"
  solver-version = 1
